
Microsoft Visual Studio Solution File, Format Version 12.00
# Visual Studio Version 16
VisualStudioVersion = 16.0.29326.143
MinimumVisualStudioVersion = 10.0.40219.1
Project("{FAE04EC0-301F-11D3-BF4B-00C04F79EFBC}") = "FametroSistemas", "FametroSistemas\FametroSistemas.csproj", "{1651334C-C273-4FC0-A31A-A4AB82C58F63}"
EndProject
Global
	GlobalSection(SolutionConfigurationPlatforms) = preSolution
		Debug|Any CPU = Debug|Any CPU
		Release|Any CPU = Release|Any CPU
	EndGlobalSection
	GlobalSection(ProjectConfigurationPlatforms) = postSolution
		{1651334C-C273-4FC0-A31A-A4AB82C58F63}.Debug|Any CPU.ActiveCfg = Debug|Any CPU
		{1651334C-C273-4FC0-A31A-A4AB82C58F63}.Debug|Any CPU.Build.0 = Debug|Any CPU
		{1651334C-C273-4FC0-A31A-A4AB82C58F63}.Release|Any CPU.ActiveCfg = Release|Any CPU
		{1651334C-C273-4FC0-A31A-A4AB82C58F63}.Release|Any CPU.Build.0 = Release|Any CPU
	EndGlobalSection
	GlobalSection(SolutionProperties) = preSolution
		HideSolutionNode = FALSE
	EndGlobalSection
	GlobalSection(ExtensibilityGlobals) = postSolution
		SolutionGuid = {40DA05EB-0DAF-4987-81C0-38110D364FF4}
	EndGlobalSection
EndGlobal
